// !$*UTF8*$!
{
	archiveVersion = 1;
	classes = {
	};
	objectVersion = 50;
	objects = {

/* Begin PBXBuildFile section */
		D6AAC8112A04C60700B36EBE /* LoginViewController.swift in Sources */ = {isa = PBXBuildFile; fileRef = D6AAC8102A04C60700B36EBE /* LoginViewController.swift */; };
		D6AAC8242A0B645600B36EBE /* UserSettings.swift in Sources */ = {isa = PBXBuildFile; fileRef = D6AAC8232A0B645600B36EBE /* UserSettings.swift */; };
		D6BB13FA29FAA25500CE5F24 /* AppDelegate.swift in Sources */ = {isa = PBXBuildFile; fileRef = D6BB13F929FAA25500CE5F24 /* AppDelegate.swift */; };
		D6BB13FC29FAA25500CE5F24 /* SceneDelegate.swift in Sources */ = {isa = PBXBuildFile; fileRef = D6BB13FB29FAA25500CE5F24 /* SceneDelegate.swift */; };
		D6BB13FE29FAA25500CE5F24 /* ViewController.swift in Sources */ = {isa = PBXBuildFile; fileRef = D6BB13FD29FAA25500CE5F24 /* ViewController.swift */; };
		D6BB140129FAA25500CE5F24 /* Main.storyboard in Resources */ = {isa = PBXBuildFile; fileRef = D6BB13FF29FAA25500CE5F24 /* Main.storyboard */; };
		D6BB140329FAA26600CE5F24 /* Assets.xcassets in Resources */ = {isa = PBXBuildFile; fileRef = D6BB140229FAA26600CE5F24 /* Assets.xcassets */; };
		D6BB140629FAA26600CE5F24 /* LaunchScreen.storyboard in Resources */ = {isa = PBXBuildFile; fileRef = D6BB140429FAA26600CE5F24 /* LaunchScreen.storyboard */; };
		D6BB141129FAA26700CE5F24 /* apiTestTests.swift in Sources */ = {isa = PBXBuildFile; fileRef = D6BB141029FAA26700CE5F24 /* apiTestTests.swift */; };
		D6BB141C29FAA26700CE5F24 /* apiTestUITests.swift in Sources */ = {isa = PBXBuildFile; fileRef = D6BB141B29FAA26700CE5F24 /* apiTestUITests.swift */; };
		D6DFF2262A0B84E200FBC0DB /* UserInfoController.swift in Sources */ = {isa = PBXBuildFile; fileRef = D6DFF2252A0B84E200FBC0DB /* UserInfoController.swift */; };
		D6DFF22B2A0B935400FBC0DB /* model.swift in Sources */ = {isa = PBXBuildFile; fileRef = D6DFF22A2A0B935400FBC0DB /* model.swift */; };
		D6DFF2332A0CFDB700FBC0DB /* OnboardingViewController.swift in Sources */ = {isa = PBXBuildFile; fileRef = D6DFF2322A0CFDB700FBC0DB /* OnboardingViewController.swift */; };
/* End PBXBuildFile section */

/* Begin PBXContainerItemProxy section */
		D6BB140D29FAA26700CE5F24 /* PBXContainerItemProxy */ = {
			isa = PBXContainerItemProxy;
			containerPortal = D6BB13EE29FAA25500CE5F24 /* Project object */;
			proxyType = 1;
			remoteGlobalIDString = D6BB13F529FAA25500CE5F24;
			remoteInfo = apiTest;
		};
		D6BB141829FAA26700CE5F24 /* PBXContainerItemProxy */ = {
			isa = PBXContainerItemProxy;
			containerPortal = D6BB13EE29FAA25500CE5F24 /* Project object */;
			proxyType = 1;
			remoteGlobalIDString = D6BB13F529FAA25500CE5F24;
			remoteInfo = apiTest;
		};
/* End PBXContainerItemProxy section */

/* Begin PBXFileReference section */
		D6AAC8102A04C60700B36EBE /* LoginViewController.swift */ = {isa = PBXFileReference; lastKnownFileType = sourcecode.swift; path = LoginViewController.swift; sourceTree = "<group>"; };
		D6AAC8232A0B645600B36EBE /* UserSettings.swift */ = {isa = PBXFileReference; lastKnownFileType = sourcecode.swift; path = UserSettings.swift; sourceTree = "<group>"; };
		D6BB13F629FAA25500CE5F24 /* apiTest.app */ = {isa = PBXFileReference; explicitFileType = wrapper.application; includeInIndex = 0; path = apiTest.app; sourceTree = BUILT_PRODUCTS_DIR; };
		D6BB13F929FAA25500CE5F24 /* AppDelegate.swift */ = {isa = PBXFileReference; lastKnownFileType = sourcecode.swift; path = AppDelegate.swift; sourceTree = "<group>"; };
		D6BB13FB29FAA25500CE5F24 /* SceneDelegate.swift */ = {isa = PBXFileReference; lastKnownFileType = sourcecode.swift; path = SceneDelegate.swift; sourceTree = "<group>"; };
		D6BB13FD29FAA25500CE5F24 /* ViewController.swift */ = {isa = PBXFileReference; lastKnownFileType = sourcecode.swift; path = ViewController.swift; sourceTree = "<group>"; };
		D6BB140029FAA25500CE5F24 /* Base */ = {isa = PBXFileReference; lastKnownFileType = file.storyboard; name = Base; path = Base.lproj/Main.storyboard; sourceTree = "<group>"; };
		D6BB140229FAA26600CE5F24 /* Assets.xcassets */ = {isa = PBXFileReference; lastKnownFileType = folder.assetcatalog; path = Assets.xcassets; sourceTree = "<group>"; };
		D6BB140529FAA26600CE5F24 /* Base */ = {isa = PBXFileReference; lastKnownFileType = file.storyboard; name = Base; path = Base.lproj/LaunchScreen.storyboard; sourceTree = "<group>"; };
		D6BB140729FAA26600CE5F24 /* Info.plist */ = {isa = PBXFileReference; lastKnownFileType = text.plist.xml; path = Info.plist; sourceTree = "<group>"; };
		D6BB140C29FAA26700CE5F24 /* apiTestTests.xctest */ = {isa = PBXFileReference; explicitFileType = wrapper.cfbundle; includeInIndex = 0; path = apiTestTests.xctest; sourceTree = BUILT_PRODUCTS_DIR; };
		D6BB141029FAA26700CE5F24 /* apiTestTests.swift */ = {isa = PBXFileReference; lastKnownFileType = sourcecode.swift; path = apiTestTests.swift; sourceTree = "<group>"; };
		D6BB141229FAA26700CE5F24 /* Info.plist */ = {isa = PBXFileReference; lastKnownFileType = text.plist.xml; path = Info.plist; sourceTree = "<group>"; };
		D6BB141729FAA26700CE5F24 /* apiTestUITests.xctest */ = {isa = PBXFileReference; explicitFileType = wrapper.cfbundle; includeInIndex = 0; path = apiTestUITests.xctest; sourceTree = BUILT_PRODUCTS_DIR; };
		D6BB141B29FAA26700CE5F24 /* apiTestUITests.swift */ = {isa = PBXFileReference; lastKnownFileType = sourcecode.swift; path = apiTestUITests.swift; sourceTree = "<group>"; };
		D6BB141D29FAA26700CE5F24 /* Info.plist */ = {isa = PBXFileReference; lastKnownFileType = text.plist.xml; path = Info.plist; sourceTree = "<group>"; };
		D6DFF2252A0B84E200FBC0DB /* UserInfoController.swift */ = {isa = PBXFileReference; lastKnownFileType = sourcecode.swift; path = UserInfoController.swift; sourceTree = "<group>"; };
		D6DFF22A2A0B935400FBC0DB /* model.swift */ = {isa = PBXFileReference; lastKnownFileType = sourcecode.swift; path = model.swift; sourceTree = "<group>"; };
		D6DFF2322A0CFDB700FBC0DB /* OnboardingViewController.swift */ = {isa = PBXFileReference; lastKnownFileType = sourcecode.swift; path = OnboardingViewController.swift; sourceTree = "<group>"; };
/* End PBXFileReference section */

/* Begin PBXFrameworksBuildPhase section */
		D6BB13F329FAA25500CE5F24 /* Frameworks */ = {
			isa = PBXFrameworksBuildPhase;
			buildActionMask = 2147483647;
			files = (
			);
			runOnlyForDeploymentPostprocessing = 0;
		};
		D6BB140929FAA26700CE5F24 /* Frameworks */ = {
			isa = PBXFrameworksBuildPhase;
			buildActionMask = 2147483647;
			files = (
			);
			runOnlyForDeploymentPostprocessing = 0;
		};
		D6BB141429FAA26700CE5F24 /* Frameworks */ = {
			isa = PBXFrameworksBuildPhase;
			buildActionMask = 2147483647;
			files = (
			);
			runOnlyForDeploymentPostprocessing = 0;
		};
/* End PBXFrameworksBuildPhase section */

/* Begin PBXGroup section */
		D6BB13ED29FAA25400CE5F24 = {
			isa = PBXGroup;
			children = (
				D6BB13F829FAA25500CE5F24 /* apiTest */,
				D6BB140F29FAA26700CE5F24 /* apiTestTests */,
				D6BB141A29FAA26700CE5F24 /* apiTestUITests */,
				D6BB13F729FAA25500CE5F24 /* Products */,
			);
			sourceTree = "<group>";
		};
		D6BB13F729FAA25500CE5F24 /* Products */ = {
			isa = PBXGroup;
			children = (
				D6BB13F629FAA25500CE5F24 /* apiTest.app */,
				D6BB140C29FAA26700CE5F24 /* apiTestTests.xctest */,
				D6BB141729FAA26700CE5F24 /* apiTestUITests.xctest */,
			);
			name = Products;
			sourceTree = "<group>";
		};
		D6BB13F829FAA25500CE5F24 /* apiTest */ = {
			isa = PBXGroup;
			children = (
				D6DFF2302A0CFD6B00FBC0DB /* CustomViews */,
				D6DFF22F2A0CFD4100FBC0DB /* Regist */,
				D6BB13F929FAA25500CE5F24 /* AppDelegate.swift */,
				D6BB13FB29FAA25500CE5F24 /* SceneDelegate.swift */,
				D6BB13FD29FAA25500CE5F24 /* ViewController.swift */,
				D6DFF22A2A0B935400FBC0DB /* model.swift */,
				D6AAC8232A0B645600B36EBE /* UserSettings.swift */,
				D6DFF2252A0B84E200FBC0DB /* UserInfoController.swift */,
				D6BB13FF29FAA25500CE5F24 /* Main.storyboard */,
				D6AAC8102A04C60700B36EBE /* LoginViewController.swift */,
				D6BB140229FAA26600CE5F24 /* Assets.xcassets */,
				D6BB140429FAA26600CE5F24 /* LaunchScreen.storyboard */,
				D6BB140729FAA26600CE5F24 /* Info.plist */,
			);
			path = apiTest;
			sourceTree = "<group>";
		};
		D6BB140F29FAA26700CE5F24 /* apiTestTests */ = {
			isa = PBXGroup;
			children = (
				D6BB141029FAA26700CE5F24 /* apiTestTests.swift */,
				D6BB141229FAA26700CE5F24 /* Info.plist */,
			);
			path = apiTestTests;
			sourceTree = "<group>";
		};
		D6BB141A29FAA26700CE5F24 /* apiTestUITests */ = {
			isa = PBXGroup;
			children = (
				D6BB141B29FAA26700CE5F24 /* apiTestUITests.swift */,
				D6BB141D29FAA26700CE5F24 /* Info.plist */,
			);
			path = apiTestUITests;
			sourceTree = "<group>";
		};
		D6DFF22F2A0CFD4100FBC0DB /* Regist */ = {
			isa = PBXGroup;
			children = (
				D6DFF2312A0CFD8600FBC0DB /* Onboarding */,
			);
			path = Regist;
			sourceTree = "<group>";
		};
		D6DFF2302A0CFD6B00FBC0DB /* CustomViews */ = {
			isa = PBXGroup;
			children = (
			);
			path = CustomViews;
			sourceTree = "<group>";
		};
		D6DFF2312A0CFD8600FBC0DB /* Onboarding */ = {
			isa = PBXGroup;
			children = (
				D6DFF2322A0CFDB700FBC0DB /* OnboardingViewController.swift */,
			);
			path = Onboarding;
			sourceTree = "<group>";
		};
/* End PBXGroup section */

/* Begin PBXNativeTarget section */
		D6BB13F529FAA25500CE5F24 /* apiTest */ = {
			isa = PBXNativeTarget;
			buildConfigurationList = D6BB142029FAA26700CE5F24 /* Build configuration list for PBXNativeTarget "apiTest" */;
			buildPhases = (
				D6BB13F229FAA25500CE5F24 /* Sources */,
				D6BB13F329FAA25500CE5F24 /* Frameworks */,
				D6BB13F429FAA25500CE5F24 /* Resources */,
			);
			buildRules = (
			);
			dependencies = (
			);
			name = apiTest;
			productName = apiTest;
			productReference = D6BB13F629FAA25500CE5F24 /* apiTest.app */;
			productType = "com.apple.product-type.application";
		};
		D6BB140B29FAA26700CE5F24 /* apiTestTests */ = {
			isa = PBXNativeTarget;
			buildConfigurationList = D6BB142329FAA26700CE5F24 /* Build configuration list for PBXNativeTarget "apiTestTests" */;
			buildPhases = (
				D6BB140829FAA26700CE5F24 /* Sources */,
				D6BB140929FAA26700CE5F24 /* Frameworks */,
				D6BB140A29FAA26700CE5F24 /* Resources */,
			);
			buildRules = (
			);
			dependencies = (
				D6BB140E29FAA26700CE5F24 /* PBXTargetDependency */,
			);
			name = apiTestTests;
			productName = apiTestTests;
			productReference = D6BB140C29FAA26700CE5F24 /* apiTestTests.xctest */;
			productType = "com.apple.product-type.bundle.unit-test";
		};
		D6BB141629FAA26700CE5F24 /* apiTestUITests */ = {
			isa = PBXNativeTarget;
			buildConfigurationList = D6BB142629FAA26700CE5F24 /* Build configuration list for PBXNativeTarget "apiTestUITests" */;
			buildPhases = (
				D6BB141329FAA26700CE5F24 /* Sources */,
				D6BB141429FAA26700CE5F24 /* Frameworks */,
				D6BB141529FAA26700CE5F24 /* Resources */,
			);
			buildRules = (
			);
			dependencies = (
				D6BB141929FAA26700CE5F24 /* PBXTargetDependency */,
			);
			name = apiTestUITests;
			productName = apiTestUITests;
			productReference = D6BB141729FAA26700CE5F24 /* apiTestUITests.xctest */;
			productType = "com.apple.product-type.bundle.ui-testing";
		};
/* End PBXNativeTarget section */

/* Begin PBXProject section */
		D6BB13EE29FAA25500CE5F24 /* Project object */ = {
			isa = PBXProject;
			attributes = {
				LastSwiftUpdateCheck = 1240;
				LastUpgradeCheck = 1240;
				TargetAttributes = {
					D6BB13F529FAA25500CE5F24 = {
						CreatedOnToolsVersion = 12.4;
					};
					D6BB140B29FAA26700CE5F24 = {
						CreatedOnToolsVersion = 12.4;
						TestTargetID = D6BB13F529FAA25500CE5F24;
					};
					D6BB141629FAA26700CE5F24 = {
						CreatedOnToolsVersion = 12.4;
						TestTargetID = D6BB13F529FAA25500CE5F24;
					};
				};
			};
			buildConfigurationList = D6BB13F129FAA25500CE5F24 /* Build configuration list for PBXProject "apiTest" */;
			compatibilityVersion = "Xcode 9.3";
			developmentRegion = en;
			hasScannedForEncodings = 0;
			knownRegions = (
				en,
				Base,
			);
			mainGroup = D6BB13ED29FAA25400CE5F24;
			productRefGroup = D6BB13F729FAA25500CE5F24 /* Products */;
			projectDirPath = "";
			projectRoot = "";
			targets = (
				D6BB13F529FAA25500CE5F24 /* apiTest */,
				D6BB140B29FAA26700CE5F24 /* apiTestTests */,
				D6BB141629FAA26700CE5F24 /* apiTestUITests */,
			);
		};
/* End PBXProject section */

/* Begin PBXResourcesBuildPhase section */
		D6BB13F429FAA25500CE5F24 /* Resources */ = {
			isa = PBXResourcesBuildPhase;
			buildActionMask = 2147483647;
			files = (
				D6BB140629FAA26600CE5F24 /* LaunchScreen.storyboard in Resources */,
				D6BB140329FAA26600CE5F24 /* Assets.xcassets in Resources */,
				D6BB140129FAA25500CE5F24 /* Main.storyboard in Resources */,
			);
			runOnlyForDeploymentPostprocessing = 0;
		};
		D6BB140A29FAA26700CE5F24 /* Resources */ = {
			isa = PBXResourcesBuildPhase;
			buildActionMask = 2147483647;
			files = (
			);
			runOnlyForDeploymentPostprocessing = 0;
		};
		D6BB141529FAA26700CE5F24 /* Resources */ = {
			isa = PBXResourcesBuildPhase;
			buildActionMask = 2147483647;
			files = (
			);
			runOnlyForDeploymentPostprocessing = 0;
		};
/* End PBXResourcesBuildPhase section */

/* Begin PBXSourcesBuildPhase section */
		D6BB13F229FAA25500CE5F24 /* Sources */ = {
			isa = PBXSourcesBuildPhase;
			buildActionMask = 2147483647;
			files = (
				D6DFF2262A0B84E200FBC0DB /* UserInfoController.swift in Sources */,
				D6AAC8112A04C60700B36EBE /* LoginViewController.swift in Sources */,
				D6AAC8242A0B645600B36EBE /* UserSettings.swift in Sources */,
				D6DFF2332A0CFDB700FBC0DB /* OnboardingViewController.swift in Sources */,
				D6BB13FE29FAA25500CE5F24 /* ViewController.swift in Sources */,
				D6BB13FA29FAA25500CE5F24 /* AppDelegate.swift in Sources */,
				D6DFF22B2A0B935400FBC0DB /* model.swift in Sources */,
				D6BB13FC29FAA25500CE5F24 /* SceneDelegate.swift in Sources */,
			);
			runOnlyForDeploymentPostprocessing = 0;
		};
		D6BB140829FAA26700CE5F24 /* Sources */ = {
			isa = PBXSourcesBuildPhase;
			buildActionMask = 2147483647;
			files = (
				D6BB141129FAA26700CE5F24 /* apiTestTests.swift in Sources */,
			);
			runOnlyForDeploymentPostprocessing = 0;
		};
		D6BB141329FAA26700CE5F24 /* Sources */ = {
			isa = PBXSourcesBuildPhase;
			buildActionMask = 2147483647;
			files = (
				D6BB141C29FAA26700CE5F24 /* apiTestUITests.swift in Sources */,
			);
			runOnlyForDeploymentPostprocessing = 0;
		};
/* End PBXSourcesBuildPhase section */

/* Begin PBXTargetDependency section */
		D6BB140E29FAA26700CE5F24 /* PBXTargetDependency */ = {
			isa = PBXTargetDependency;
			target = D6BB13F529FAA25500CE5F24 /* apiTest */;
			targetProxy = D6BB140D29FAA26700CE5F24 /* PBXContainerItemProxy */;
		};
		D6BB141929FAA26700CE5F24 /* PBXTargetDependency */ = {
			isa = PBXTargetDependency;
			target = D6BB13F529FAA25500CE5F24 /* apiTest */;
			targetProxy = D6BB141829FAA26700CE5F24 /* PBXContainerItemProxy */;
		};
/* End PBXTargetDependency section */

/* Begin PBXVariantGroup section */
		D6BB13FF29FAA25500CE5F24 /* Main.storyboard */ = {
			isa = PBXVariantGroup;
			children = (
				D6BB140029FAA25500CE5F24 /* Base */,
			);
			name = Main.storyboard;
			sourceTree = "<group>";
		};
		D6BB140429FAA26600CE5F24 /* LaunchScreen.storyboard */ = {
			isa = PBXVariantGroup;
			children = (
				D6BB140529FAA26600CE5F24 /* Base */,
			);
			name = LaunchScreen.storyboard;
			sourceTree = "<group>";
		};
/* End PBXVariantGroup section */

/* Begin XCBuildConfiguration section */
		D6BB141E29FAA26700CE5F24 /* Debug */ = {
			isa = XCBuildConfiguration;
			buildSettings = {
				ALWAYS_SEARCH_USER_PATHS = NO;
				CLANG_ANALYZER_NONNULL = YES;
				CLANG_ANALYZER_NUMBER_OBJECT_CONVERSION = YES_AGGRESSIVE;
				CLANG_CXX_LANGUAGE_STANDARD = "gnu++14";
				CLANG_CXX_LIBRARY = "libc++";
				CLANG_ENABLE_MODULES = YES;
				CLANG_ENABLE_OBJC_ARC = YES;
				CLANG_ENABLE_OBJC_WEAK = YES;
				CLANG_WARN_BLOCK_CAPTURE_AUTORELEASING = YES;
				CLANG_WARN_BOOL_CONVERSION = YES;
				CLANG_WARN_COMMA = YES;
				CLANG_WARN_CONSTANT_CONVERSION = YES;
				CLANG_WARN_DEPRECATED_OBJC_IMPLEMENTATIONS = YES;
				CLANG_WARN_DIRECT_OBJC_ISA_USAGE = YES_ERROR;
				CLANG_WARN_DOCUMENTATION_COMMENTS = YES;
				CLANG_WARN_EMPTY_BODY = YES;
				CLANG_WARN_ENUM_CONVERSION = YES;
				CLANG_WARN_INFINITE_RECURSION = YES;
				CLANG_WARN_INT_CONVERSION = YES;
				CLANG_WARN_NON_LITERAL_NULL_CONVERSION = YES;
				CLANG_WARN_OBJC_IMPLICIT_RETAIN_SELF = YES;
				CLANG_WARN_OBJC_LITERAL_CONVERSION = YES;
				CLANG_WARN_OBJC_ROOT_CLASS = YES_ERROR;
				CLANG_WARN_QUOTED_INCLUDE_IN_FRAMEWORK_HEADER = YES;
				CLANG_WARN_RANGE_LOOP_ANALYSIS = YES;
				CLANG_WARN_STRICT_PROTOTYPES = YES;
				CLANG_WARN_SUSPICIOUS_MOVE = YES;
				CLANG_WARN_UNGUARDED_AVAILABILITY = YES_AGGRESSIVE;
				CLANG_WARN_UNREACHABLE_CODE = YES;
				CLANG_WARN__DUPLICATE_METHOD_MATCH = YES;
				COPY_PHASE_STRIP = NO;
				DEBUG_INFORMATION_FORMAT = dwarf;
				ENABLE_STRICT_OBJC_MSGSEND = YES;
				ENABLE_TESTABILITY = YES;
				GCC_C_LANGUAGE_STANDARD = gnu11;
				GCC_DYNAMIC_NO_PIC = NO;
				GCC_NO_COMMON_BLOCKS = YES;
				GCC_OPTIMIZATION_LEVEL = 0;
				GCC_PREPROCESSOR_DEFINITIONS = (
					"DEBUG=1",
					"$(inherited)",
				);
				GCC_WARN_64_TO_32_BIT_CONVERSION = YES;
				GCC_WARN_ABOUT_RETURN_TYPE = YES_ERROR;
				GCC_WARN_UNDECLARED_SELECTOR = YES;
				GCC_WARN_UNINITIALIZED_AUTOS = YES_AGGRESSIVE;
				GCC_WARN_UNUSED_FUNCTION = YES;
				GCC_WARN_UNUSED_VARIABLE = YES;
				IPHONEOS_DEPLOYMENT_TARGET = 14.4;
				MTL_ENABLE_DEBUG_INFO = INCLUDE_SOURCE;
				MTL_FAST_MATH = YES;
				ONLY_ACTIVE_ARCH = YES;
				SDKROOT = iphoneos;
				SWIFT_ACTIVE_COMPILATION_CONDITIONS = DEBUG;
				SWIFT_OPTIMIZATION_LEVEL = "-Onone";
			};
			name = Debug;
		};
		D6BB141F29FAA26700CE5F24 /* Release */ = {
			isa = XCBuildConfiguration;
			buildSettings = {
				ALWAYS_SEARCH_USER_PATHS = NO;
				CLANG_ANALYZER_NONNULL = YES;
				CLANG_ANALYZER_NUMBER_OBJECT_CONVERSION = YES_AGGRESSIVE;
				CLANG_CXX_LANGUAGE_STANDARD = "gnu++14";
				CLANG_CXX_LIBRARY = "libc++";
				CLANG_ENABLE_MODULES = YES;
				CLANG_ENABLE_OBJC_ARC = YES;
				CLANG_ENABLE_OBJC_WEAK = YES;
				CLANG_WARN_BLOCK_CAPTURE_AUTORELEASING = YES;
				CLANG_WARN_BOOL_CONVERSION = YES;
				CLANG_WARN_COMMA = YES;
				CLANG_WARN_CONSTANT_CONVERSION = YES;
				CLANG_WARN_DEPRECATED_OBJC_IMPLEMENTATIONS = YES;
				CLANG_WARN_DIRECT_OBJC_ISA_USAGE = YES_ERROR;
				CLANG_WARN_DOCUMENTATION_COMMENTS = YES;
				CLANG_WARN_EMPTY_BODY = YES;
				CLANG_WARN_ENUM_CONVERSION = YES;
				CLANG_WARN_INFINITE_RECURSION = YES;
				CLANG_WARN_INT_CONVERSION = YES;
				CLANG_WARN_NON_LITERAL_NULL_CONVERSION = YES;
				CLANG_WARN_OBJC_IMPLICIT_RETAIN_SELF = YES;
				CLANG_WARN_OBJC_LITERAL_CONVERSION = YES;
				CLANG_WARN_OBJC_ROOT_CLASS = YES_ERROR;
				CLANG_WARN_QUOTED_INCLUDE_IN_FRAMEWORK_HEADER = YES;
				CLANG_WARN_RANGE_LOOP_ANALYSIS = YES;
				CLANG_WARN_STRICT_PROTOTYPES = YES;
				CLANG_WARN_SUSPICIOUS_MOVE = YES;
				CLANG_WARN_UNGUARDED_AVAILABILITY = YES_AGGRESSIVE;
				CLANG_WARN_UNREACHABLE_CODE = YES;
				CLANG_WARN__DUPLICATE_METHOD_MATCH = YES;
				COPY_PHASE_STRIP = NO;
				DEBUG_INFORMATION_FORMAT = "dwarf-with-dsym";
				ENABLE_NS_ASSERTIONS = NO;
				ENABLE_STRICT_OBJC_MSGSEND = YES;
				GCC_C_LANGUAGE_STANDARD = gnu11;
				GCC_NO_COMMON_BLOCKS = YES;
				GCC_WARN_64_TO_32_BIT_CONVERSION = YES;
				GCC_WARN_ABOUT_RETURN_TYPE = YES_ERROR;
				GCC_WARN_UNDECLARED_SELECTOR = YES;
				GCC_WARN_UNINITIALIZED_AUTOS = YES_AGGRESSIVE;
				GCC_WARN_UNUSED_FUNCTION = YES;
				GCC_WARN_UNUSED_VARIABLE = YES;
				IPHONEOS_DEPLOYMENT_TARGET = 14.4;
				MTL_ENABLE_DEBUG_INFO = NO;
				MTL_FAST_MATH = YES;
				SDKROOT = iphoneos;
				SWIFT_COMPILATION_MODE = wholemodule;
				SWIFT_OPTIMIZATION_LEVEL = "-O";
				VALIDATE_PRODUCT = YES;
			};
			name = Release;
		};
		D6BB142129FAA26700CE5F24 /* Debug */ = {
			isa = XCBuildConfiguration;
			buildSettings = {
				ASSETCATALOG_COMPILER_APPICON_NAME = AppIcon;
				ASSETCATALOG_COMPILER_GLOBAL_ACCENT_COLOR_NAME = AccentColor;
				CODE_SIGN_STYLE = Automatic;
				INFOPLIST_FILE = apiTest/Info.plist;
				LD_RUNPATH_SEARCH_PATHS = (
					"$(inherited)",
					"@executable_path/Frameworks",
				);
				PRODUCT_BUNDLE_IDENTIFIER = ptr.apiTest;
				PRODUCT_NAME = "$(TARGET_NAME)";
				SWIFT_VERSION = 5.0;
				TARGETED_DEVICE_FAMILY = "1,2";
			};
			name = Debug;
		};
		D6BB142229FAA26700CE5F24 /* Release */ = {
			isa = XCBuildConfiguration;
			buildSettings = {
				ASSETCATALOG_COMPILER_APPICON_NAME = AppIcon;
				ASSETCATALOG_COMPILER_GLOBAL_ACCENT_COLOR_NAME = AccentColor;
				CODE_SIGN_STYLE = Automatic;
				INFOPLIST_FILE = apiTest/Info.plist;
				LD_RUNPATH_SEARCH_PATHS = (
					"$(inherited)",
					"@executable_path/Frameworks",
				);
				PRODUCT_BUNDLE_IDENTIFIER = ptr.apiTest;
				PRODUCT_NAME = "$(TARGET_NAME)";
				SWIFT_VERSION = 5.0;
				TARGETED_DEVICE_FAMILY = "1,2";
			};
			name = Release;
		};
		D6BB142429FAA26700CE5F24 /* Debug */ = {
			isa = XCBuildConfiguration;
			buildSettings = {
				ALWAYS_EMBED_SWIFT_STANDARD_LIBRARIES = YES;
				BUNDLE_LOADER = "$(TEST_HOST)";
				CODE_SIGN_STYLE = Automatic;
				INFOPLIST_FILE = apiTestTests/Info.plist;
				IPHONEOS_DEPLOYMENT_TARGET = 14.4;
				LD_RUNPATH_SEARCH_PATHS = (
					"$(inherited)",
					"@executable_path/Frameworks",
					"@loader_path/Frameworks",
				);
				PRODUCT_BUNDLE_IDENTIFIER = ptr.apiTestTests;
				PRODUCT_NAME = "$(TARGET_NAME)";
				SWIFT_VERSION = 5.0;
				TARGETED_DEVICE_FAMILY = "1,2";
				TEST_HOST = "$(BUILT_PRODUCTS_DIR)/apiTest.app/apiTest";
			};
			name = Debug;
		};
		D6BB142529FAA26700CE5F24 /* Release */ = {
			isa = XCBuildConfiguration;
			buildSettings = {
				ALWAYS_EMBED_SWIFT_STANDARD_LIBRARIES = YES;
				BUNDLE_LOADER = "$(TEST_HOST)";
				CODE_SIGN_STYLE = Automatic;
				INFOPLIST_FILE = apiTestTests/Info.plist;
				IPHONEOS_DEPLOYMENT_TARGET = 14.4;
				LD_RUNPATH_SEARCH_PATHS = (
					"$(inherited)",
					"@executable_path/Frameworks",
					"@loader_path/Frameworks",
				);
				PRODUCT_BUNDLE_IDENTIFIER = ptr.apiTestTests;
				PRODUCT_NAME = "$(TARGET_NAME)";
				SWIFT_VERSION = 5.0;
				TARGETED_DEVICE_FAMILY = "1,2";
				TEST_HOST = "$(BUILT_PRODUCTS_DIR)/apiTest.app/apiTest";
			};
			name = Release;
		};
		D6BB142729FAA26700CE5F24 /* Debug */ = {
			isa = XCBuildConfiguration;
			buildSettings = {
				ALWAYS_EMBED_SWIFT_STANDARD_LIBRARIES = YES;
				CODE_SIGN_STYLE = Automatic;
				INFOPLIST_FILE = apiTestUITests/Info.plist;
				LD_RUNPATH_SEARCH_PATHS = (
					"$(inherited)",
					"@executable_path/Frameworks",
					"@loader_path/Frameworks",
				);
				PRODUCT_BUNDLE_IDENTIFIER = ptr.apiTestUITests;
				PRODUCT_NAME = "$(TARGET_NAME)";
				SWIFT_VERSION = 5.0;
				TARGETED_DEVICE_FAMILY = "1,2";
				TEST_TARGET_NAME = apiTest;
			};
			name = Debug;
		};
		D6BB142829FAA26700CE5F24 /* Release */ = {
			isa = XCBuildConfiguration;
			buildSettings = {
				ALWAYS_EMBED_SWIFT_STANDARD_LIBRARIES = YES;
				CODE_SIGN_STYLE = Automatic;
				INFOPLIST_FILE = apiTestUITests/Info.plist;
				LD_RUNPATH_SEARCH_PATHS = (
					"$(inherited)",
					"@executable_path/Frameworks",
					"@loader_path/Frameworks",
				);
				PRODUCT_BUNDLE_IDENTIFIER = ptr.apiTestUITests;
				PRODUCT_NAME = "$(TARGET_NAME)";
				SWIFT_VERSION = 5.0;
				TARGETED_DEVICE_FAMILY = "1,2";
				TEST_TARGET_NAME = apiTest;
			};
			name = Release;
		};
/* End XCBuildConfiguration section */

/* Begin XCConfigurationList section */
		D6BB13F129FAA25500CE5F24 /* Build configuration list for PBXProject "apiTest" */ = {
			isa = XCConfigurationList;
			buildConfigurations = (
				D6BB141E29FAA26700CE5F24 /* Debug */,
				D6BB141F29FAA26700CE5F24 /* Release */,
			);
			defaultConfigurationIsVisible = 0;
			defaultConfigurationName = Release;
		};
		D6BB142029FAA26700CE5F24 /* Build configuration list for PBXNativeTarget "apiTest" */ = {
			isa = XCConfigurationList;
			buildConfigurations = (
				D6BB142129FAA26700CE5F24 /* Debug */,
				D6BB142229FAA26700CE5F24 /* Release */,
			);
			defaultConfigurationIsVisible = 0;
			defaultConfigurationName = Release;
		};
		D6BB142329FAA26700CE5F24 /* Build configuration list for PBXNativeTarget "apiTestTests" */ = {
			isa = XCConfigurationList;
			buildConfigurations = (
				D6BB142429FAA26700CE5F24 /* Debug */,
				D6BB142529FAA26700CE5F24 /* Release */,
			);
			defaultConfigurationIsVisible = 0;
			defaultConfigurationName = Release;
		};
		D6BB142629FAA26700CE5F24 /* Build configuration list for PBXNativeTarget "apiTestUITests" */ = {
			isa = XCConfigurationList;
			buildConfigurations = (
				D6BB142729FAA26700CE5F24 /* Debug */,
				D6BB142829FAA26700CE5F24 /* Release */,
			);
			defaultConfigurationIsVisible = 0;
			defaultConfigurationName = Release;
		};
/* End XCConfigurationList section */
	};
	rootObject = D6BB13EE29FAA25500CE5F24 /* Project object */;
}
